<?xml version="1.0" encoding="utf-8"?>
<Project ToolsVersion="4.0" xmlns="http://schemas.microsoft.com/developer/msbuild/2003">
  <ItemGroup>
    <ClCompile Include="src\camera.cpp" />
    <ClCompile Include="src\Cell.cpp" />
    <ClCompile Include="src\color.cpp" />
    <ClCompile Include="src\gl_utils.cpp" />
    <ClCompile Include="src\light.cpp" />
    <ClCompile Include="src\main.cpp" />
    <ClCompile Include="src\object3d.cpp" />
    <ClCompile Include="src\Player.cpp" />
    <ClCompile Include="src\textures.cpp" />
    <ClCompile Include="src\vec3.cpp" />
    <ClCompile Include="src\inhabitant.cpp" />
  </ItemGroup>
  <ItemGroup>
    <ClInclude Include="src\camera.h" />
    <ClInclude Include="src\Cell.h" />
    <ClInclude Include="src\color.h" />
    <ClInclude Include="src\gl_utils.h" />
    <ClInclude Include="src\light.h" />
    <ClInclude Include="src\object3d.h" />
    <ClInclude Include="src\Player.h" />
    <ClInclude Include="src\textures.h" />
    <ClInclude Include="src\vec3.h" />
    <ClInclude Include="src\inhabitant.h" />
  </ItemGroup>
</Project>